
Microsoft Visual Studio Solution File, Format Version 12.00
# Visual Studio Version 16
VisualStudioVersion = 16.0.30413.136
MinimumVisualStudioVersion = 10.0.40219.1
Project("{FAE04EC0-301F-11D3-BF4B-00C04F79EFBC}") = "隐写", "隐写\隐写.csproj", "{50C44DCF-CA1B-462F-9E5D-E7E81327E08E}"
EndProject
Global
	GlobalSection(SolutionConfigurationPlatforms) = preSolution
		Debug|Any CPU = Debug|Any CPU
		Release|Any CPU = Release|Any CPU
	EndGlobalSection
	GlobalSection(ProjectConfigurationPlatforms) = postSolution
		{50C44DCF-CA1B-462F-9E5D-E7E81327E08E}.Debug|Any CPU.ActiveCfg = Debug|Any CPU
		{50C44DCF-CA1B-462F-9E5D-E7E81327E08E}.Debug|Any CPU.Build.0 = Debug|Any CPU
		{50C44DCF-CA1B-462F-9E5D-E7E81327E08E}.Release|Any CPU.ActiveCfg = Release|Any CPU
		{50C44DCF-CA1B-462F-9E5D-E7E81327E08E}.Release|Any CPU.Build.0 = Release|Any CPU
	EndGlobalSection
	GlobalSection(SolutionProperties) = preSolution
		HideSolutionNode = FALSE
	EndGlobalSection
	GlobalSection(ExtensibilityGlobals) = postSolution
		SolutionGuid = {F17081A7-0C89-4232-98A3-64A9F3D4AE8F}
	EndGlobalSection
EndGlobal
